{
  "name": "partytown",
  "version": "1.0.0",
  "lockfileVersion": 3,
  "requires": true,
  "packages": {
    "": {
      "name": "partytown",
      "version": "1.0.0",
      "license": "ISC",
      "dependencies": {
        "@qwik.dev/partytown": "^0.11.0"
      }
    },
    "node_modules/@qwik.dev/partytown": {
      "version": "0.11.0",
      "resolved": "https://registry.npmjs.org/@qwik.dev/partytown/-/partytown-0.11.0.tgz",
      "integrity": "sha512-MHime7cxj7KGrapGZ1VqLkXXq5BLNqvjNZndRJVvMkUWn92F2bsezlWW1lKDoFaKCKu2xv9LRUZL99RYOs+ccA==",
      "license": "MIT",
      "dependencies": {
        "dotenv": "^16.4.7"
      },
      "bin": {
        "partytown": "bin/partytown.cjs"
      },
      "engines": {
        "node": ">=18.0.0"
      }
    },
    "node_modules/dotenv": {
      "version": "16.4.7",
      "resolved": "https://registry.npmjs.org/dotenv/-/dotenv-16.4.7.tgz",
      "integrity": "sha512-47qPchRCykZC03FhkYAhrvwU4xDBFIj1QPqaarj6mdM/hgUzfPHcpkHJOn3mJAufFeeAxAzeGsr5X0M4k6fLZQ==",
      "license": "BSD-2-Clause",
      "engines": {
        "node": ">=12"
      },
      "funding": {
        "url": "https://dotenvx.com"
      }
    }
  }
}
